
Microsoft Visual Studio Solution File, Format Version 12.00
# Visual Studio Version 17
VisualStudioVersion = 17.1.32328.378
MinimumVisualStudioVersion = 10.0.40219.1
Project("{54A90642-561A-4BB1-A94E-469ADEE60C69}") = "speedkt.people.web", "speedkt.people.web\speedkt.people.web.esproj", "{D1D86AC6-7767-4937-9D51-9E32DDB03F71}"
EndProject
Global
	GlobalSection(SolutionConfigurationPlatforms) = preSolution
		Debug|Any CPU = Debug|Any CPU
		Release|Any CPU = Release|Any CPU
	EndGlobalSection
	GlobalSection(ProjectConfigurationPlatforms) = postSolution
		{D1D86AC6-7767-4937-9D51-9E32DDB03F71}.Debug|Any CPU.ActiveCfg = Debug|Any CPU
		{D1D86AC6-7767-4937-9D51-9E32DDB03F71}.Debug|Any CPU.Build.0 = Debug|Any CPU
		{D1D86AC6-7767-4937-9D51-9E32DDB03F71}.Debug|Any CPU.Deploy.0 = Debug|Any CPU
		{D1D86AC6-7767-4937-9D51-9E32DDB03F71}.Release|Any CPU.ActiveCfg = Release|Any CPU
		{D1D86AC6-7767-4937-9D51-9E32DDB03F71}.Release|Any CPU.Build.0 = Release|Any CPU
		{D1D86AC6-7767-4937-9D51-9E32DDB03F71}.Release|Any CPU.Deploy.0 = Release|Any CPU
	EndGlobalSection
	GlobalSection(SolutionProperties) = preSolution
		HideSolutionNode = FALSE
	EndGlobalSection
	GlobalSection(ExtensibilityGlobals) = postSolution
		SolutionGuid = {B5B01CDE-072F-43E8-8675-2752F278ECB3}
	EndGlobalSection
EndGlobal
